
Microsoft Visual Studio Solution File, Format Version 9.00
# Visual Studio 2005
Project("{F14B399A-7131-4C87-9E4B-1186C45EF12D}") = "SSRSMSBuildTeaskDemo", "SSRSMSBuildTeaskDemo\SSRSMSBuildTeaskDemo.rptproj", "{B1D4FA80-23E7-42C0-AB3A-C6D83F9D7895}"
EndProject
Project("{2150E333-8FDC-42A3-9474-1A3956D46DE8}") = "Solution Files", "Solution Files", "{4888C37A-DAAB-4358-8B52-CFC381B57BAC}"
	ProjectSection(SolutionItems) = preProject
		IntegratedUploadReports.cmd = IntegratedUploadReports.cmd
		NativeUploadReports.cmd = NativeUploadReports.cmd
		Readme.rtf = Readme.rtf
		RunIntegratedUploadReports.cmd = RunIntegratedUploadReports.cmd
		RunNativeUploadReports.cmd = RunNativeUploadReports.cmd
		ssrsmsbuildtasks.integrated.targets = ssrsmsbuildtasks.integrated.targets
		ssrsmsbuildtasks.native.targets = ssrsmsbuildtasks.native.targets
		SSRSMSBuildTeaskDemo_Integrated.msbuild = SSRSMSBuildTeaskDemo_Integrated.msbuild
		SSRSMSBuildTeaskDemo_Native.msbuild = SSRSMSBuildTeaskDemo_Native.msbuild
	EndProjectSection
EndProject
Project("{2150E333-8FDC-42A3-9474-1A3956D46DE8}") = "Bin", "Bin", "{CBE30466-4A98-4A32-BFD2-8B5574F57003}"
	ProjectSection(SolutionItems) = preProject
		Bin\ssrsmsbuildtasks.dll = Bin\ssrsmsbuildtasks.dll
	EndProjectSection
EndProject
Global
	GlobalSection(TeamFoundationVersionControl) = preSolution
		SccNumberOfProjects = 2
		SccEnterpriseProvider = {4CA58AB2-18FA-4F8D-95D4-32DDF27D184C}
		SccTeamFoundationServer = https://tfs06.codeplex.com/
		SccLocalPath0 = .
		SccProjectUniqueName1 = SSRSMSBuildTeaskDemo\\SSRSMSBuildTeaskDemo.rptproj
		SccProjectName1 = SSRSMSBuildTeaskDemo
		SccLocalPath1 = SSRSMSBuildTeaskDemo
	EndGlobalSection
	GlobalSection(SolutionConfigurationPlatforms) = preSolution
		Debug|Default = Debug|Default
		DebugLocal|Default = DebugLocal|Default
		Production|Default = Production|Default
	EndGlobalSection
	GlobalSection(ProjectConfigurationPlatforms) = postSolution
		{B1D4FA80-23E7-42C0-AB3A-C6D83F9D7895}.Debug|Default.ActiveCfg = Debug
		{B1D4FA80-23E7-42C0-AB3A-C6D83F9D7895}.Debug|Default.Build.0 = DebugLocal
		{B1D4FA80-23E7-42C0-AB3A-C6D83F9D7895}.Debug|Default.Deploy.0 = DebugLocal
		{B1D4FA80-23E7-42C0-AB3A-C6D83F9D7895}.DebugLocal|Default.ActiveCfg = DebugLocal
		{B1D4FA80-23E7-42C0-AB3A-C6D83F9D7895}.DebugLocal|Default.Build.0 = DebugLocal
		{B1D4FA80-23E7-42C0-AB3A-C6D83F9D7895}.Production|Default.ActiveCfg = Production
		{B1D4FA80-23E7-42C0-AB3A-C6D83F9D7895}.Production|Default.Build.0 = Production
		{B1D4FA80-23E7-42C0-AB3A-C6D83F9D7895}.Production|Default.Deploy.0 = Production
	EndGlobalSection
	GlobalSection(SolutionProperties) = preSolution
		HideSolutionNode = FALSE
	EndGlobalSection
	GlobalSection(NestedProjects) = preSolution
		{CBE30466-4A98-4A32-BFD2-8B5574F57003} = {4888C37A-DAAB-4358-8B52-CFC381B57BAC}
	EndGlobalSection
EndGlobal
